// !$*UTF8*$!
{
	archiveVersion = 1;
	classes = {
	};
	objectVersion = 56;
	objects = {

/* Begin PBXBuildFile section */
		FC6464832E744DDB003D68B3 /* wardrobeApp.swift in Sources */ = {isa = PBXBuildFile; fileRef = FC6464822E744DDB003D68B3 /* wardrobeApp.swift */; };
		FC6464852E744DDB003D68B3 /* ContentView.swift in Sources */ = {isa = PBXBuildFile; fileRef = FC6464842E744DDB003D68B3 /* ContentView.swift */; };
		FC6464872E744DDD003D68B3 /* Assets.xcassets in Resources */ = {isa = PBXBuildFile; fileRef = FC6464862E744DDD003D68B3 /* Assets.xcassets */; };
		FC64648A2E744DDD003D68B3 /* Preview Assets.xcassets in Resources */ = {isa = PBXBuildFile; fileRef = FC6464892E744DDD003D68B3 /* Preview Assets.xcassets */; };
		FC6464942E744DDD003D68B3 /* wardrobeTests.swift in Sources */ = {isa = PBXBuildFile; fileRef = FC6464932E744DDD003D68B3 /* wardrobeTests.swift */; };
		FC64649E2E744DDD003D68B3 /* wardrobeUITests.swift in Sources */ = {isa = PBXBuildFile; fileRef = FC64649D2E744DDD003D68B3 /* wardrobeUITests.swift */; };
		FC6464A02E744DDD003D68B3 /* wardrobeUITestsLaunchTests.swift in Sources */ = {isa = PBXBuildFile; fileRef = FC64649F2E744DDD003D68B3 /* wardrobeUITestsLaunchTests.swift */; };
		FC6464AE2E747CCC003D68B3 /* LoginView.swift in Sources */ = {isa = PBXBuildFile; fileRef = FC6464AD2E747CCC003D68B3 /* LoginView.swift */; };
		FC6464B82E747D47003D68B3 /* O_LoginForm.swift in Sources */ = {isa = PBXBuildFile; fileRef = FC6464B72E747D47003D68B3 /* O_LoginForm.swift */; };
		FC6464BA2E747D6A003D68B3 /* M_EmailField.swift in Sources */ = {isa = PBXBuildFile; fileRef = FC6464B92E747D6A003D68B3 /* M_EmailField.swift */; };
		FC6464BC2E747D74003D68B3 /* M_PasswordField.swift in Sources */ = {isa = PBXBuildFile; fileRef = FC6464BB2E747D74003D68B3 /* M_PasswordField.swift */; };
		FC6464BE2E747D9A003D68B3 /* A_TextInput.swift in Sources */ = {isa = PBXBuildFile; fileRef = FC6464BD2E747D9A003D68B3 /* A_TextInput.swift */; };
		FC6464C02E747DA8003D68B3 /* A_Heading.swift in Sources */ = {isa = PBXBuildFile; fileRef = FC6464BF2E747DA8003D68B3 /* A_Heading.swift */; };
		FC6464C22E747DCB003D68B3 /* A_Button.swift in Sources */ = {isa = PBXBuildFile; fileRef = FC6464C12E747DCB003D68B3 /* A_Button.swift */; };
		FC6464C82E747E20003D68B3 /* R_Auth.swift in Sources */ = {isa = PBXBuildFile; fileRef = FC6464C72E747E20003D68B3 /* R_Auth.swift */; };
		FC6464CA2E747E35003D68B3 /* M_Auth.swift in Sources */ = {isa = PBXBuildFile; fileRef = FC6464C92E747E35003D68B3 /* M_Auth.swift */; };
		FC6464CD2E747E74003D68B3 /* S_User.swift in Sources */ = {isa = PBXBuildFile; fileRef = FC6464CC2E747E74003D68B3 /* S_User.swift */; };
		FC6464CF2E747E87003D68B3 /* A_Color.swift in Sources */ = {isa = PBXBuildFile; fileRef = FC6464CE2E747E87003D68B3 /* A_Color.swift */; };
		FC6464D12E747EBA003D68B3 /* M_Response.swift in Sources */ = {isa = PBXBuildFile; fileRef = FC6464D02E747EBA003D68B3 /* M_Response.swift */; };
		FC64652C2E755A04003D68B3 /* HomeView.swift in Sources */ = {isa = PBXBuildFile; fileRef = FC64652B2E755A04003D68B3 /* HomeView.swift */; };
		FC6465302E755ACA003D68B3 /* M_Stats.swift in Sources */ = {isa = PBXBuildFile; fileRef = FC64652F2E755ACA003D68B3 /* M_Stats.swift */; };
		FC6465322E755C2A003D68B3 /* R_Stats.swift in Sources */ = {isa = PBXBuildFile; fileRef = FC6465312E755C2A003D68B3 /* R_Stats.swift */; };
		FC6465342E755DD8003D68B3 /* O_TotalClothesByTypeList.swift in Sources */ = {isa = PBXBuildFile; fileRef = FC6465332E755DD8003D68B3 /* O_TotalClothesByTypeList.swift */; };
		FC6465382E758F9A003D68B3 /* O_ClothesSummaryBox.swift in Sources */ = {isa = PBXBuildFile; fileRef = FC6465372E758F9A003D68B3 /* O_ClothesSummaryBox.swift */; };
		FC64653A2E759AD2003D68B3 /* H_Converter.swift in Sources */ = {isa = PBXBuildFile; fileRef = FC6465392E759AD2003D68B3 /* H_Converter.swift */; };
		FC64653C2E75A88D003D68B3 /* HistoryView.swift in Sources */ = {isa = PBXBuildFile; fileRef = FC64653B2E75A88D003D68B3 /* HistoryView.swift */; };
		FC64653E2E75AF32003D68B3 /* M_HistoryBox.swift in Sources */ = {isa = PBXBuildFile; fileRef = FC64653D2E75AF32003D68B3 /* M_HistoryBox.swift */; };
		FC6465402E75AF55003D68B3 /* O_HistoryList.swift in Sources */ = {isa = PBXBuildFile; fileRef = FC64653F2E75AF55003D68B3 /* O_HistoryList.swift */; };
		FC6465422E75AF77003D68B3 /* M_History.swift in Sources */ = {isa = PBXBuildFile; fileRef = FC6465412E75AF77003D68B3 /* M_History.swift */; };
		FC6465442E75AF8B003D68B3 /* R_History.swift in Sources */ = {isa = PBXBuildFile; fileRef = FC6465432E75AF8B003D68B3 /* R_History.swift */; };
		FC6465462E75AFBE003D68B3 /* A_Text.swift in Sources */ = {isa = PBXBuildFile; fileRef = FC6465452E75AFBE003D68B3 /* A_Text.swift */; };
		FC86D1AA2E7A5A3700A584BB /* ProfileView.swift in Sources */ = {isa = PBXBuildFile; fileRef = FC86D1A92E7A5A3700A584BB /* ProfileView.swift */; };
		FC86D1AC2E7A5AB700A584BB /* R_User.swift in Sources */ = {isa = PBXBuildFile; fileRef = FC86D1AB2E7A5AB700A584BB /* R_User.swift */; };
		FC86D1AE2E7A5AE800A584BB /* M_User.swift in Sources */ = {isa = PBXBuildFile; fileRef = FC86D1AD2E7A5AE800A584BB /* M_User.swift */; };
		FC86D1B02E7A5B7300A584BB /* O_EditProfileForm.swift in Sources */ = {isa = PBXBuildFile; fileRef = FC86D1AF2E7A5B7300A584BB /* O_EditProfileForm.swift */; };
		FC86D1B42E7A961C00A584BB /* O_PostQuestionForm.swift in Sources */ = {isa = PBXBuildFile; fileRef = FC86D1B32E7A961C00A584BB /* O_PostQuestionForm.swift */; };
		FC86D1B62E7AA65F00A584BB /* R_Question.swift in Sources */ = {isa = PBXBuildFile; fileRef = FC86D1B52E7AA65F00A584BB /* R_Question.swift */; };
/* End PBXBuildFile section */

/* Begin PBXContainerItemProxy section */
		FC6464902E744DDD003D68B3 /* PBXContainerItemProxy */ = {
			isa = PBXContainerItemProxy;
			containerPortal = FC6464772E744DDB003D68B3 /* Project object */;
			proxyType = 1;
			remoteGlobalIDString = FC64647E2E744DDB003D68B3;
			remoteInfo = wardrobe;
		};
		FC64649A2E744DDD003D68B3 /* PBXContainerItemProxy */ = {
			isa = PBXContainerItemProxy;
			containerPortal = FC6464772E744DDB003D68B3 /* Project object */;
			proxyType = 1;
			remoteGlobalIDString = FC64647E2E744DDB003D68B3;
			remoteInfo = wardrobe;
		};
/* End PBXContainerItemProxy section */

/* Begin PBXFileReference section */
		FC64647F2E744DDB003D68B3 /* wardrobe.app */ = {isa = PBXFileReference; explicitFileType = wrapper.application; includeInIndex = 0; path = wardrobe.app; sourceTree = BUILT_PRODUCTS_DIR; };
		FC6464822E744DDB003D68B3 /* wardrobeApp.swift */ = {isa = PBXFileReference; lastKnownFileType = sourcecode.swift; path = wardrobeApp.swift; sourceTree = "<group>"; };
		FC6464842E744DDB003D68B3 /* ContentView.swift */ = {isa = PBXFileReference; lastKnownFileType = sourcecode.swift; path = ContentView.swift; sourceTree = "<group>"; };
		FC6464862E744DDD003D68B3 /* Assets.xcassets */ = {isa = PBXFileReference; lastKnownFileType = folder.assetcatalog; path = Assets.xcassets; sourceTree = "<group>"; };
		FC6464892E744DDD003D68B3 /* Preview Assets.xcassets */ = {isa = PBXFileReference; lastKnownFileType = folder.assetcatalog; path = "Preview Assets.xcassets"; sourceTree = "<group>"; };
		FC64648F2E744DDD003D68B3 /* wardrobeTests.xctest */ = {isa = PBXFileReference; explicitFileType = wrapper.cfbundle; includeInIndex = 0; path = wardrobeTests.xctest; sourceTree = BUILT_PRODUCTS_DIR; };
		FC6464932E744DDD003D68B3 /* wardrobeTests.swift */ = {isa = PBXFileReference; lastKnownFileType = sourcecode.swift; path = wardrobeTests.swift; sourceTree = "<group>"; };
		FC6464992E744DDD003D68B3 /* wardrobeUITests.xctest */ = {isa = PBXFileReference; explicitFileType = wrapper.cfbundle; includeInIndex = 0; path = wardrobeUITests.xctest; sourceTree = BUILT_PRODUCTS_DIR; };
		FC64649D2E744DDD003D68B3 /* wardrobeUITests.swift */ = {isa = PBXFileReference; lastKnownFileType = sourcecode.swift; path = wardrobeUITests.swift; sourceTree = "<group>"; };
		FC64649F2E744DDD003D68B3 /* wardrobeUITestsLaunchTests.swift */ = {isa = PBXFileReference; lastKnownFileType = sourcecode.swift; path = wardrobeUITestsLaunchTests.swift; sourceTree = "<group>"; };
		FC6464AD2E747CCC003D68B3 /* LoginView.swift */ = {isa = PBXFileReference; lastKnownFileType = sourcecode.swift; path = LoginView.swift; sourceTree = "<group>"; };
		FC6464B72E747D47003D68B3 /* O_LoginForm.swift */ = {isa = PBXFileReference; lastKnownFileType = sourcecode.swift; path = O_LoginForm.swift; sourceTree = "<group>"; };
		FC6464B92E747D6A003D68B3 /* M_EmailField.swift */ = {isa = PBXFileReference; lastKnownFileType = sourcecode.swift; path = M_EmailField.swift; sourceTree = "<group>"; };
		FC6464BB2E747D74003D68B3 /* M_PasswordField.swift */ = {isa = PBXFileReference; lastKnownFileType = sourcecode.swift; path = M_PasswordField.swift; sourceTree = "<group>"; };
		FC6464BD2E747D9A003D68B3 /* A_TextInput.swift */ = {isa = PBXFileReference; lastKnownFileType = sourcecode.swift; path = A_TextInput.swift; sourceTree = "<group>"; };
		FC6464BF2E747DA8003D68B3 /* A_Heading.swift */ = {isa = PBXFileReference; lastKnownFileType = sourcecode.swift; path = A_Heading.swift; sourceTree = "<group>"; };
		FC6464C12E747DCB003D68B3 /* A_Button.swift */ = {isa = PBXFileReference; lastKnownFileType = sourcecode.swift; path = A_Button.swift; sourceTree = "<group>"; };
		FC6464C72E747E20003D68B3 /* R_Auth.swift */ = {isa = PBXFileReference; lastKnownFileType = sourcecode.swift; path = R_Auth.swift; sourceTree = "<group>"; };
		FC6464C92E747E35003D68B3 /* M_Auth.swift */ = {isa = PBXFileReference; lastKnownFileType = sourcecode.swift; path = M_Auth.swift; sourceTree = "<group>"; };
		FC6464CC2E747E74003D68B3 /* S_User.swift */ = {isa = PBXFileReference; lastKnownFileType = sourcecode.swift; path = S_User.swift; sourceTree = "<group>"; };
		FC6464CE2E747E87003D68B3 /* A_Color.swift */ = {isa = PBXFileReference; lastKnownFileType = sourcecode.swift; path = A_Color.swift; sourceTree = "<group>"; };
		FC6464D02E747EBA003D68B3 /* M_Response.swift */ = {isa = PBXFileReference; lastKnownFileType = sourcecode.swift; path = M_Response.swift; sourceTree = "<group>"; };
		FC64652B2E755A04003D68B3 /* HomeView.swift */ = {isa = PBXFileReference; lastKnownFileType = sourcecode.swift; path = HomeView.swift; sourceTree = "<group>"; };
		FC64652F2E755ACA003D68B3 /* M_Stats.swift */ = {isa = PBXFileReference; lastKnownFileType = sourcecode.swift; path = M_Stats.swift; sourceTree = "<group>"; };
		FC6465312E755C2A003D68B3 /* R_Stats.swift */ = {isa = PBXFileReference; lastKnownFileType = sourcecode.swift; path = R_Stats.swift; sourceTree = "<group>"; };
		FC6465332E755DD8003D68B3 /* O_TotalClothesByTypeList.swift */ = {isa = PBXFileReference; lastKnownFileType = sourcecode.swift; path = O_TotalClothesByTypeList.swift; sourceTree = "<group>"; };
		FC6465372E758F9A003D68B3 /* O_ClothesSummaryBox.swift */ = {isa = PBXFileReference; lastKnownFileType = sourcecode.swift; path = O_ClothesSummaryBox.swift; sourceTree = "<group>"; };
		FC6465392E759AD2003D68B3 /* H_Converter.swift */ = {isa = PBXFileReference; lastKnownFileType = sourcecode.swift; path = H_Converter.swift; sourceTree = "<group>"; };
		FC64653B2E75A88D003D68B3 /* HistoryView.swift */ = {isa = PBXFileReference; lastKnownFileType = sourcecode.swift; path = HistoryView.swift; sourceTree = "<group>"; };
		FC64653D2E75AF32003D68B3 /* M_HistoryBox.swift */ = {isa = PBXFileReference; lastKnownFileType = sourcecode.swift; path = M_HistoryBox.swift; sourceTree = "<group>"; };
		FC64653F2E75AF55003D68B3 /* O_HistoryList.swift */ = {isa = PBXFileReference; lastKnownFileType = sourcecode.swift; path = O_HistoryList.swift; sourceTree = "<group>"; };
		FC6465412E75AF77003D68B3 /* M_History.swift */ = {isa = PBXFileReference; lastKnownFileType = sourcecode.swift; path = M_History.swift; sourceTree = "<group>"; };
		FC6465432E75AF8B003D68B3 /* R_History.swift */ = {isa = PBXFileReference; lastKnownFileType = sourcecode.swift; path = R_History.swift; sourceTree = "<group>"; };
		FC6465452E75AFBE003D68B3 /* A_Text.swift */ = {isa = PBXFileReference; lastKnownFileType = sourcecode.swift; path = A_Text.swift; sourceTree = "<group>"; };
		FC86D1A92E7A5A3700A584BB /* ProfileView.swift */ = {isa = PBXFileReference; lastKnownFileType = sourcecode.swift; path = ProfileView.swift; sourceTree = "<group>"; };
		FC86D1AB2E7A5AB700A584BB /* R_User.swift */ = {isa = PBXFileReference; lastKnownFileType = sourcecode.swift; path = R_User.swift; sourceTree = "<group>"; };
		FC86D1AD2E7A5AE800A584BB /* M_User.swift */ = {isa = PBXFileReference; lastKnownFileType = sourcecode.swift; path = M_User.swift; sourceTree = "<group>"; };
		FC86D1AF2E7A5B7300A584BB /* O_EditProfileForm.swift */ = {isa = PBXFileReference; lastKnownFileType = sourcecode.swift; path = O_EditProfileForm.swift; sourceTree = "<group>"; };
		FC86D1B32E7A961C00A584BB /* O_PostQuestionForm.swift */ = {isa = PBXFileReference; lastKnownFileType = sourcecode.swift; path = O_PostQuestionForm.swift; sourceTree = "<group>"; };
		FC86D1B52E7AA65F00A584BB /* R_Question.swift */ = {isa = PBXFileReference; lastKnownFileType = sourcecode.swift; path = R_Question.swift; sourceTree = "<group>"; };
/* End PBXFileReference section */

/* Begin PBXFrameworksBuildPhase section */
		FC64647C2E744DDB003D68B3 /* Frameworks */ = {
			isa = PBXFrameworksBuildPhase;
			buildActionMask = 2147483647;
			files = (
			);
			runOnlyForDeploymentPostprocessing = 0;
		};
		FC64648C2E744DDD003D68B3 /* Frameworks */ = {
			isa = PBXFrameworksBuildPhase;
			buildActionMask = 2147483647;
			files = (
			);
			runOnlyForDeploymentPostprocessing = 0;
		};
		FC6464962E744DDD003D68B3 /* Frameworks */ = {
			isa = PBXFrameworksBuildPhase;
			buildActionMask = 2147483647;
			files = (
			);
			runOnlyForDeploymentPostprocessing = 0;
		};
/* End PBXFrameworksBuildPhase section */

/* Begin PBXGroup section */
		FC6464762E744DDB003D68B3 = {
			isa = PBXGroup;
			children = (
				FC6464812E744DDB003D68B3 /* wardrobe */,
				FC6464922E744DDD003D68B3 /* wardrobeTests */,
				FC64649C2E744DDD003D68B3 /* wardrobeUITests */,
				FC6464802E744DDB003D68B3 /* Products */,
			);
			sourceTree = "<group>";
		};
		FC6464802E744DDB003D68B3 /* Products */ = {
			isa = PBXGroup;
			children = (
				FC64647F2E744DDB003D68B3 /* wardrobe.app */,
				FC64648F2E744DDD003D68B3 /* wardrobeTests.xctest */,
				FC6464992E744DDD003D68B3 /* wardrobeUITests.xctest */,
			);
			name = Products;
			sourceTree = "<group>";
		};
		FC6464812E744DDB003D68B3 /* wardrobe */ = {
			isa = PBXGroup;
			children = (
				FC6464C32E747DEF003D68B3 /* Modules */,
				FC6464B12E747CFF003D68B3 /* Components */,
				FC6464AC2E747CAF003D68B3 /* Pages */,
				FC6464822E744DDB003D68B3 /* wardrobeApp.swift */,
				FC6464842E744DDB003D68B3 /* ContentView.swift */,
				FC6464862E744DDD003D68B3 /* Assets.xcassets */,
				FC6464882E744DDD003D68B3 /* Preview Content */,
			);
			path = wardrobe;
			sourceTree = "<group>";
		};
		FC6464882E744DDD003D68B3 /* Preview Content */ = {
			isa = PBXGroup;
			children = (
				FC6464892E744DDD003D68B3 /* Preview Assets.xcassets */,
			);
			path = "Preview Content";
			sourceTree = "<group>";
		};
		FC6464922E744DDD003D68B3 /* wardrobeTests */ = {
			isa = PBXGroup;
			children = (
				FC6464932E744DDD003D68B3 /* wardrobeTests.swift */,
			);
			path = wardrobeTests;
			sourceTree = "<group>";
		};
		FC64649C2E744DDD003D68B3 /* wardrobeUITests */ = {
			isa = PBXGroup;
			children = (
				FC64649D2E744DDD003D68B3 /* wardrobeUITests.swift */,
				FC64649F2E744DDD003D68B3 /* wardrobeUITestsLaunchTests.swift */,
			);
			path = wardrobeUITests;
			sourceTree = "<group>";
		};
		FC6464AC2E747CAF003D68B3 /* Pages */ = {
			isa = PBXGroup;
			children = (
				FC6464AD2E747CCC003D68B3 /* LoginView.swift */,
				FC64652B2E755A04003D68B3 /* HomeView.swift */,
				FC64653B2E75A88D003D68B3 /* HistoryView.swift */,
				FC86D1A92E7A5A3700A584BB /* ProfileView.swift */,
			);
			path = Pages;
			sourceTree = "<group>";
		};
		FC6464B12E747CFF003D68B3 /* Components */ = {
			isa = PBXGroup;
			children = (
				FC6464B52E747D17003D68B3 /* Organisms */,
				FC6464B42E747D11003D68B3 /* Molecules */,
				FC6464B32E747D0C003D68B3 /* Atoms */,
			);
			path = Components;
			sourceTree = "<group>";
		};
		FC6464B32E747D0C003D68B3 /* Atoms */ = {
			isa = PBXGroup;
			children = (
				FC6464BD2E747D9A003D68B3 /* A_TextInput.swift */,
				FC6464BF2E747DA8003D68B3 /* A_Heading.swift */,
				FC6464C12E747DCB003D68B3 /* A_Button.swift */,
				FC6464CE2E747E87003D68B3 /* A_Color.swift */,
				FC6465452E75AFBE003D68B3 /* A_Text.swift */,
			);
			path = Atoms;
			sourceTree = "<group>";
		};
		FC6464B42E747D11003D68B3 /* Molecules */ = {
			isa = PBXGroup;
			children = (
				FC6464B92E747D6A003D68B3 /* M_EmailField.swift */,
				FC6464BB2E747D74003D68B3 /* M_PasswordField.swift */,
				FC64653D2E75AF32003D68B3 /* M_HistoryBox.swift */,
			);
			path = Molecules;
			sourceTree = "<group>";
		};
		FC6464B52E747D17003D68B3 /* Organisms */ = {
			isa = PBXGroup;
			children = (
				FC6464B72E747D47003D68B3 /* O_LoginForm.swift */,
				FC6465332E755DD8003D68B3 /* O_TotalClothesByTypeList.swift */,
				FC6465372E758F9A003D68B3 /* O_ClothesSummaryBox.swift */,
				FC64653F2E75AF55003D68B3 /* O_HistoryList.swift */,
				FC86D1AF2E7A5B7300A584BB /* O_EditProfileForm.swift */,
				FC86D1B32E7A961C00A584BB /* O_PostQuestionForm.swift */,
			);
			path = Organisms;
			sourceTree = "<group>";
		};
		FC6464C32E747DEF003D68B3 /* Modules */ = {
			isa = PBXGroup;
			children = (
				FC6464CB2E747E68003D68B3 /* Session */,
				FC6464C62E747DFE003D68B3 /* Repository */,
				FC6464C52E747DF9003D68B3 /* Helpers */,
				FC6464C42E747DF5003D68B3 /* Models */,
			);
			path = Modules;
			sourceTree = "<group>";
		};
		FC6464C42E747DF5003D68B3 /* Models */ = {
			isa = PBXGroup;
			children = (
				FC6464C92E747E35003D68B3 /* M_Auth.swift */,
				FC6464D02E747EBA003D68B3 /* M_Response.swift */,
				FC64652F2E755ACA003D68B3 /* M_Stats.swift */,
				FC6465412E75AF77003D68B3 /* M_History.swift */,
				FC86D1AD2E7A5AE800A584BB /* M_User.swift */,
			);
			path = Models;
			sourceTree = "<group>";
		};
		FC6464C52E747DF9003D68B3 /* Helpers */ = {
			isa = PBXGroup;
			children = (
				FC6465392E759AD2003D68B3 /* H_Converter.swift */,
			);
			path = Helpers;
			sourceTree = "<group>";
		};
		FC6464C62E747DFE003D68B3 /* Repository */ = {
			isa = PBXGroup;
			children = (
				FC6464C72E747E20003D68B3 /* R_Auth.swift */,
				FC6465312E755C2A003D68B3 /* R_Stats.swift */,
				FC6465432E75AF8B003D68B3 /* R_History.swift */,
				FC86D1AB2E7A5AB700A584BB /* R_User.swift */,
				FC86D1B52E7AA65F00A584BB /* R_Question.swift */,
			);
			path = Repository;
			sourceTree = "<group>";
		};
		FC6464CB2E747E68003D68B3 /* Session */ = {
			isa = PBXGroup;
			children = (
				FC6464CC2E747E74003D68B3 /* S_User.swift */,
			);
			path = Session;
			sourceTree = "<group>";
		};
/* End PBXGroup section */

/* Begin PBXNativeTarget section */
		FC64647E2E744DDB003D68B3 /* wardrobe */ = {
			isa = PBXNativeTarget;
			buildConfigurationList = FC6464A32E744DDD003D68B3 /* Build configuration list for PBXNativeTarget "wardrobe" */;
			buildPhases = (
				FC64647B2E744DDB003D68B3 /* Sources */,
				FC64647C2E744DDB003D68B3 /* Frameworks */,
				FC64647D2E744DDB003D68B3 /* Resources */,
			);
			buildRules = (
			);
			dependencies = (
			);
			name = wardrobe;
			productName = wardrobe;
			productReference = FC64647F2E744DDB003D68B3 /* wardrobe.app */;
			productType = "com.apple.product-type.application";
		};
		FC64648E2E744DDD003D68B3 /* wardrobeTests */ = {
			isa = PBXNativeTarget;
			buildConfigurationList = FC6464A62E744DDD003D68B3 /* Build configuration list for PBXNativeTarget "wardrobeTests" */;
			buildPhases = (
				FC64648B2E744DDD003D68B3 /* Sources */,
				FC64648C2E744DDD003D68B3 /* Frameworks */,
				FC64648D2E744DDD003D68B3 /* Resources */,
			);
			buildRules = (
			);
			dependencies = (
				FC6464912E744DDD003D68B3 /* PBXTargetDependency */,
			);
			name = wardrobeTests;
			productName = wardrobeTests;
			productReference = FC64648F2E744DDD003D68B3 /* wardrobeTests.xctest */;
			productType = "com.apple.product-type.bundle.unit-test";
		};
		FC6464982E744DDD003D68B3 /* wardrobeUITests */ = {
			isa = PBXNativeTarget;
			buildConfigurationList = FC6464A92E744DDD003D68B3 /* Build configuration list for PBXNativeTarget "wardrobeUITests" */;
			buildPhases = (
				FC6464952E744DDD003D68B3 /* Sources */,
				FC6464962E744DDD003D68B3 /* Frameworks */,
				FC6464972E744DDD003D68B3 /* Resources */,
			);
			buildRules = (
			);
			dependencies = (
				FC64649B2E744DDD003D68B3 /* PBXTargetDependency */,
			);
			name = wardrobeUITests;
			productName = wardrobeUITests;
			productReference = FC6464992E744DDD003D68B3 /* wardrobeUITests.xctest */;
			productType = "com.apple.product-type.bundle.ui-testing";
		};
/* End PBXNativeTarget section */

/* Begin PBXProject section */
		FC6464772E744DDB003D68B3 /* Project object */ = {
			isa = PBXProject;
			attributes = {
				BuildIndependentTargetsInParallel = 1;
				LastSwiftUpdateCheck = 1510;
				LastUpgradeCheck = 1510;
				TargetAttributes = {
					FC64647E2E744DDB003D68B3 = {
						CreatedOnToolsVersion = 15.1;
					};
					FC64648E2E744DDD003D68B3 = {
						CreatedOnToolsVersion = 15.1;
						TestTargetID = FC64647E2E744DDB003D68B3;
					};
					FC6464982E744DDD003D68B3 = {
						CreatedOnToolsVersion = 15.1;
						TestTargetID = FC64647E2E744DDB003D68B3;
					};
				};
			};
			buildConfigurationList = FC64647A2E744DDB003D68B3 /* Build configuration list for PBXProject "wardrobe" */;
			compatibilityVersion = "Xcode 14.0";
			developmentRegion = en;
			hasScannedForEncodings = 0;
			knownRegions = (
				en,
				Base,
			);
			mainGroup = FC6464762E744DDB003D68B3;
			productRefGroup = FC6464802E744DDB003D68B3 /* Products */;
			projectDirPath = "";
			projectRoot = "";
			targets = (
				FC64647E2E744DDB003D68B3 /* wardrobe */,
				FC64648E2E744DDD003D68B3 /* wardrobeTests */,
				FC6464982E744DDD003D68B3 /* wardrobeUITests */,
			);
		};
/* End PBXProject section */

/* Begin PBXResourcesBuildPhase section */
		FC64647D2E744DDB003D68B3 /* Resources */ = {
			isa = PBXResourcesBuildPhase;
			buildActionMask = 2147483647;
			files = (
				FC64648A2E744DDD003D68B3 /* Preview Assets.xcassets in Resources */,
				FC6464872E744DDD003D68B3 /* Assets.xcassets in Resources */,
			);
			runOnlyForDeploymentPostprocessing = 0;
		};
		FC64648D2E744DDD003D68B3 /* Resources */ = {
			isa = PBXResourcesBuildPhase;
			buildActionMask = 2147483647;
			files = (
			);
			runOnlyForDeploymentPostprocessing = 0;
		};
		FC6464972E744DDD003D68B3 /* Resources */ = {
			isa = PBXResourcesBuildPhase;
			buildActionMask = 2147483647;
			files = (
			);
			runOnlyForDeploymentPostprocessing = 0;
		};
/* End PBXResourcesBuildPhase section */

/* Begin PBXSourcesBuildPhase section */
		FC64647B2E744DDB003D68B3 /* Sources */ = {
			isa = PBXSourcesBuildPhase;
			buildActionMask = 2147483647;
			files = (
				FC6465422E75AF77003D68B3 /* M_History.swift in Sources */,
				FC86D1AA2E7A5A3700A584BB /* ProfileView.swift in Sources */,
				FC6464CD2E747E74003D68B3 /* S_User.swift in Sources */,
				FC86D1AC2E7A5AB700A584BB /* R_User.swift in Sources */,
				FC6464C82E747E20003D68B3 /* R_Auth.swift in Sources */,
				FC6465342E755DD8003D68B3 /* O_TotalClothesByTypeList.swift in Sources */,
				FC6464C22E747DCB003D68B3 /* A_Button.swift in Sources */,
				FC64652C2E755A04003D68B3 /* HomeView.swift in Sources */,
				FC6464AE2E747CCC003D68B3 /* LoginView.swift in Sources */,
				FC86D1AE2E7A5AE800A584BB /* M_User.swift in Sources */,
				FC6465442E75AF8B003D68B3 /* R_History.swift in Sources */,
				FC6464852E744DDB003D68B3 /* ContentView.swift in Sources */,
				FC64653C2E75A88D003D68B3 /* HistoryView.swift in Sources */,
				FC6464C02E747DA8003D68B3 /* A_Heading.swift in Sources */,
				FC6464832E744DDB003D68B3 /* wardrobeApp.swift in Sources */,
				FC6465382E758F9A003D68B3 /* O_ClothesSummaryBox.swift in Sources */,
				FC6464CA2E747E35003D68B3 /* M_Auth.swift in Sources */,
				FC6464B82E747D47003D68B3 /* O_LoginForm.swift in Sources */,
				FC6465402E75AF55003D68B3 /* O_HistoryList.swift in Sources */,
				FC6464CF2E747E87003D68B3 /* A_Color.swift in Sources */,
				FC86D1B62E7AA65F00A584BB /* R_Question.swift in Sources */,
				FC6464D12E747EBA003D68B3 /* M_Response.swift in Sources */,
				FC6465302E755ACA003D68B3 /* M_Stats.swift in Sources */,
				FC64653E2E75AF32003D68B3 /* M_HistoryBox.swift in Sources */,
				FC86D1B42E7A961C00A584BB /* O_PostQuestionForm.swift in Sources */,
				FC86D1B02E7A5B7300A584BB /* O_EditProfileForm.swift in Sources */,
				FC6465462E75AFBE003D68B3 /* A_Text.swift in Sources */,
				FC6465322E755C2A003D68B3 /* R_Stats.swift in Sources */,
				FC6464BA2E747D6A003D68B3 /* M_EmailField.swift in Sources */,
				FC6464BE2E747D9A003D68B3 /* A_TextInput.swift in Sources */,
				FC6464BC2E747D74003D68B3 /* M_PasswordField.swift in Sources */,
				FC64653A2E759AD2003D68B3 /* H_Converter.swift in Sources */,
			);
			runOnlyForDeploymentPostprocessing = 0;
		};
		FC64648B2E744DDD003D68B3 /* Sources */ = {
			isa = PBXSourcesBuildPhase;
			buildActionMask = 2147483647;
			files = (
				FC6464942E744DDD003D68B3 /* wardrobeTests.swift in Sources */,
			);
			runOnlyForDeploymentPostprocessing = 0;
		};
		FC6464952E744DDD003D68B3 /* Sources */ = {
			isa = PBXSourcesBuildPhase;
			buildActionMask = 2147483647;
			files = (
				FC6464A02E744DDD003D68B3 /* wardrobeUITestsLaunchTests.swift in Sources */,
				FC64649E2E744DDD003D68B3 /* wardrobeUITests.swift in Sources */,
			);
			runOnlyForDeploymentPostprocessing = 0;
		};
/* End PBXSourcesBuildPhase section */

/* Begin PBXTargetDependency section */
		FC6464912E744DDD003D68B3 /* PBXTargetDependency */ = {
			isa = PBXTargetDependency;
			target = FC64647E2E744DDB003D68B3 /* wardrobe */;
			targetProxy = FC6464902E744DDD003D68B3 /* PBXContainerItemProxy */;
		};
		FC64649B2E744DDD003D68B3 /* PBXTargetDependency */ = {
			isa = PBXTargetDependency;
			target = FC64647E2E744DDB003D68B3 /* wardrobe */;
			targetProxy = FC64649A2E744DDD003D68B3 /* PBXContainerItemProxy */;
		};
/* End PBXTargetDependency section */

/* Begin XCBuildConfiguration section */
		FC6464A12E744DDD003D68B3 /* Debug */ = {
			isa = XCBuildConfiguration;
			buildSettings = {
				ALWAYS_SEARCH_USER_PATHS = NO;
				ASSETCATALOG_COMPILER_GENERATE_SWIFT_ASSET_SYMBOL_EXTENSIONS = YES;
				CLANG_ANALYZER_NONNULL = YES;
				CLANG_ANALYZER_NUMBER_OBJECT_CONVERSION = YES_AGGRESSIVE;
				CLANG_CXX_LANGUAGE_STANDARD = "gnu++20";
				CLANG_ENABLE_MODULES = YES;
				CLANG_ENABLE_OBJC_ARC = YES;
				CLANG_ENABLE_OBJC_WEAK = YES;
				CLANG_WARN_BLOCK_CAPTURE_AUTORELEASING = YES;
				CLANG_WARN_BOOL_CONVERSION = YES;
				CLANG_WARN_COMMA = YES;
				CLANG_WARN_CONSTANT_CONVERSION = YES;
				CLANG_WARN_DEPRECATED_OBJC_IMPLEMENTATIONS = YES;
				CLANG_WARN_DIRECT_OBJC_ISA_USAGE = YES_ERROR;
				CLANG_WARN_DOCUMENTATION_COMMENTS = YES;
				CLANG_WARN_EMPTY_BODY = YES;
				CLANG_WARN_ENUM_CONVERSION = YES;
				CLANG_WARN_INFINITE_RECURSION = YES;
				CLANG_WARN_INT_CONVERSION = YES;
				CLANG_WARN_NON_LITERAL_NULL_CONVERSION = YES;
				CLANG_WARN_OBJC_IMPLICIT_RETAIN_SELF = YES;
				CLANG_WARN_OBJC_LITERAL_CONVERSION = YES;
				CLANG_WARN_OBJC_ROOT_CLASS = YES_ERROR;
				CLANG_WARN_QUOTED_INCLUDE_IN_FRAMEWORK_HEADER = YES;
				CLANG_WARN_RANGE_LOOP_ANALYSIS = YES;
				CLANG_WARN_STRICT_PROTOTYPES = YES;
				CLANG_WARN_SUSPICIOUS_MOVE = YES;
				CLANG_WARN_UNGUARDED_AVAILABILITY = YES_AGGRESSIVE;
				CLANG_WARN_UNREACHABLE_CODE = YES;
				CLANG_WARN__DUPLICATE_METHOD_MATCH = YES;
				COPY_PHASE_STRIP = NO;
				DEBUG_INFORMATION_FORMAT = dwarf;
				ENABLE_STRICT_OBJC_MSGSEND = YES;
				ENABLE_TESTABILITY = YES;
				ENABLE_USER_SCRIPT_SANDBOXING = YES;
				GCC_C_LANGUAGE_STANDARD = gnu17;
				GCC_DYNAMIC_NO_PIC = NO;
				GCC_NO_COMMON_BLOCKS = YES;
				GCC_OPTIMIZATION_LEVEL = 0;
				GCC_PREPROCESSOR_DEFINITIONS = (
					"DEBUG=1",
					"$(inherited)",
				);
				GCC_WARN_64_TO_32_BIT_CONVERSION = YES;
				GCC_WARN_ABOUT_RETURN_TYPE = YES_ERROR;
				GCC_WARN_UNDECLARED_SELECTOR = YES;
				GCC_WARN_UNINITIALIZED_AUTOS = YES_AGGRESSIVE;
				GCC_WARN_UNUSED_FUNCTION = YES;
				GCC_WARN_UNUSED_VARIABLE = YES;
				IPHONEOS_DEPLOYMENT_TARGET = 17.2;
				LOCALIZATION_PREFERS_STRING_CATALOGS = YES;
				MTL_ENABLE_DEBUG_INFO = INCLUDE_SOURCE;
				MTL_FAST_MATH = YES;
				ONLY_ACTIVE_ARCH = YES;
				SDKROOT = iphoneos;
				SWIFT_ACTIVE_COMPILATION_CONDITIONS = "DEBUG $(inherited)";
				SWIFT_OPTIMIZATION_LEVEL = "-Onone";
			};
			name = Debug;
		};
		FC6464A22E744DDD003D68B3 /* Release */ = {
			isa = XCBuildConfiguration;
			buildSettings = {
				ALWAYS_SEARCH_USER_PATHS = NO;
				ASSETCATALOG_COMPILER_GENERATE_SWIFT_ASSET_SYMBOL_EXTENSIONS = YES;
				CLANG_ANALYZER_NONNULL = YES;
				CLANG_ANALYZER_NUMBER_OBJECT_CONVERSION = YES_AGGRESSIVE;
				CLANG_CXX_LANGUAGE_STANDARD = "gnu++20";
				CLANG_ENABLE_MODULES = YES;
				CLANG_ENABLE_OBJC_ARC = YES;
				CLANG_ENABLE_OBJC_WEAK = YES;
				CLANG_WARN_BLOCK_CAPTURE_AUTORELEASING = YES;
				CLANG_WARN_BOOL_CONVERSION = YES;
				CLANG_WARN_COMMA = YES;
				CLANG_WARN_CONSTANT_CONVERSION = YES;
				CLANG_WARN_DEPRECATED_OBJC_IMPLEMENTATIONS = YES;
				CLANG_WARN_DIRECT_OBJC_ISA_USAGE = YES_ERROR;
				CLANG_WARN_DOCUMENTATION_COMMENTS = YES;
				CLANG_WARN_EMPTY_BODY = YES;
				CLANG_WARN_ENUM_CONVERSION = YES;
				CLANG_WARN_INFINITE_RECURSION = YES;
				CLANG_WARN_INT_CONVERSION = YES;
				CLANG_WARN_NON_LITERAL_NULL_CONVERSION = YES;
				CLANG_WARN_OBJC_IMPLICIT_RETAIN_SELF = YES;
				CLANG_WARN_OBJC_LITERAL_CONVERSION = YES;
				CLANG_WARN_OBJC_ROOT_CLASS = YES_ERROR;
				CLANG_WARN_QUOTED_INCLUDE_IN_FRAMEWORK_HEADER = YES;
				CLANG_WARN_RANGE_LOOP_ANALYSIS = YES;
				CLANG_WARN_STRICT_PROTOTYPES = YES;
				CLANG_WARN_SUSPICIOUS_MOVE = YES;
				CLANG_WARN_UNGUARDED_AVAILABILITY = YES_AGGRESSIVE;
				CLANG_WARN_UNREACHABLE_CODE = YES;
				CLANG_WARN__DUPLICATE_METHOD_MATCH = YES;
				COPY_PHASE_STRIP = NO;
				DEBUG_INFORMATION_FORMAT = "dwarf-with-dsym";
				ENABLE_NS_ASSERTIONS = NO;
				ENABLE_STRICT_OBJC_MSGSEND = YES;
				ENABLE_USER_SCRIPT_SANDBOXING = YES;
				GCC_C_LANGUAGE_STANDARD = gnu17;
				GCC_NO_COMMON_BLOCKS = YES;
				GCC_WARN_64_TO_32_BIT_CONVERSION = YES;
				GCC_WARN_ABOUT_RETURN_TYPE = YES_ERROR;
				GCC_WARN_UNDECLARED_SELECTOR = YES;
				GCC_WARN_UNINITIALIZED_AUTOS = YES_AGGRESSIVE;
				GCC_WARN_UNUSED_FUNCTION = YES;
				GCC_WARN_UNUSED_VARIABLE = YES;
				IPHONEOS_DEPLOYMENT_TARGET = 17.2;
				LOCALIZATION_PREFERS_STRING_CATALOGS = YES;
				MTL_ENABLE_DEBUG_INFO = NO;
				MTL_FAST_MATH = YES;
				SDKROOT = iphoneos;
				SWIFT_COMPILATION_MODE = wholemodule;
				VALIDATE_PRODUCT = YES;
			};
			name = Release;
		};
		FC6464A42E744DDD003D68B3 /* Debug */ = {
			isa = XCBuildConfiguration;
			buildSettings = {
				ASSETCATALOG_COMPILER_APPICON_NAME = AppIcon;
				ASSETCATALOG_COMPILER_GLOBAL_ACCENT_COLOR_NAME = AccentColor;
				CODE_SIGN_STYLE = Automatic;
				CURRENT_PROJECT_VERSION = 1;
				DEVELOPMENT_ASSET_PATHS = "\"wardrobe/Preview Content\"";
				DEVELOPMENT_TEAM = QB5WDQ296R;
				ENABLE_PREVIEWS = YES;
				GENERATE_INFOPLIST_FILE = YES;
				INFOPLIST_KEY_UIApplicationSceneManifest_Generation = YES;
				INFOPLIST_KEY_UIApplicationSupportsIndirectInputEvents = YES;
				INFOPLIST_KEY_UILaunchScreen_Generation = YES;
				INFOPLIST_KEY_UISupportedInterfaceOrientations_iPad = "UIInterfaceOrientationPortrait UIInterfaceOrientationPortraitUpsideDown UIInterfaceOrientationLandscapeLeft UIInterfaceOrientationLandscapeRight";
				INFOPLIST_KEY_UISupportedInterfaceOrientations_iPhone = "UIInterfaceOrientationPortrait UIInterfaceOrientationLandscapeLeft UIInterfaceOrientationLandscapeRight";
				LD_RUNPATH_SEARCH_PATHS = (
					"$(inherited)",
					"@executable_path/Frameworks",
				);
				MARKETING_VERSION = 1.0;
				PRODUCT_BUNDLE_IDENTIFIER = com.wardrobe.wardrobe;
				PRODUCT_NAME = "$(TARGET_NAME)";
				SWIFT_EMIT_LOC_STRINGS = YES;
				SWIFT_VERSION = 5.0;
				TARGETED_DEVICE_FAMILY = "1,2";
			};
			name = Debug;
		};
		FC6464A52E744DDD003D68B3 /* Release */ = {
			isa = XCBuildConfiguration;
			buildSettings = {
				ASSETCATALOG_COMPILER_APPICON_NAME = AppIcon;
				ASSETCATALOG_COMPILER_GLOBAL_ACCENT_COLOR_NAME = AccentColor;
				CODE_SIGN_STYLE = Automatic;
				CURRENT_PROJECT_VERSION = 1;
				DEVELOPMENT_ASSET_PATHS = "\"wardrobe/Preview Content\"";
				DEVELOPMENT_TEAM = QB5WDQ296R;
				ENABLE_PREVIEWS = YES;
				GENERATE_INFOPLIST_FILE = YES;
				INFOPLIST_KEY_UIApplicationSceneManifest_Generation = YES;
				INFOPLIST_KEY_UIApplicationSupportsIndirectInputEvents = YES;
				INFOPLIST_KEY_UILaunchScreen_Generation = YES;
				INFOPLIST_KEY_UISupportedInterfaceOrientations_iPad = "UIInterfaceOrientationPortrait UIInterfaceOrientationPortraitUpsideDown UIInterfaceOrientationLandscapeLeft UIInterfaceOrientationLandscapeRight";
				INFOPLIST_KEY_UISupportedInterfaceOrientations_iPhone = "UIInterfaceOrientationPortrait UIInterfaceOrientationLandscapeLeft UIInterfaceOrientationLandscapeRight";
				LD_RUNPATH_SEARCH_PATHS = (
					"$(inherited)",
					"@executable_path/Frameworks",
				);
				MARKETING_VERSION = 1.0;
				PRODUCT_BUNDLE_IDENTIFIER = com.wardrobe.wardrobe;
				PRODUCT_NAME = "$(TARGET_NAME)";
				SWIFT_EMIT_LOC_STRINGS = YES;
				SWIFT_VERSION = 5.0;
				TARGETED_DEVICE_FAMILY = "1,2";
			};
			name = Release;
		};
		FC6464A72E744DDD003D68B3 /* Debug */ = {
			isa = XCBuildConfiguration;
			buildSettings = {
				ALWAYS_EMBED_SWIFT_STANDARD_LIBRARIES = YES;
				BUNDLE_LOADER = "$(TEST_HOST)";
				CODE_SIGN_STYLE = Automatic;
				CURRENT_PROJECT_VERSION = 1;
				DEVELOPMENT_TEAM = QB5WDQ296R;
				GENERATE_INFOPLIST_FILE = YES;
				IPHONEOS_DEPLOYMENT_TARGET = 17.2;
				MARKETING_VERSION = 1.0;
				PRODUCT_BUNDLE_IDENTIFIER = com.wardrobe.wardrobeTests;
				PRODUCT_NAME = "$(TARGET_NAME)";
				SWIFT_EMIT_LOC_STRINGS = NO;
				SWIFT_VERSION = 5.0;
				TARGETED_DEVICE_FAMILY = "1,2";
				TEST_HOST = "$(BUILT_PRODUCTS_DIR)/wardrobe.app/$(BUNDLE_EXECUTABLE_FOLDER_PATH)/wardrobe";
			};
			name = Debug;
		};
		FC6464A82E744DDD003D68B3 /* Release */ = {
			isa = XCBuildConfiguration;
			buildSettings = {
				ALWAYS_EMBED_SWIFT_STANDARD_LIBRARIES = YES;
				BUNDLE_LOADER = "$(TEST_HOST)";
				CODE_SIGN_STYLE = Automatic;
				CURRENT_PROJECT_VERSION = 1;
				DEVELOPMENT_TEAM = QB5WDQ296R;
				GENERATE_INFOPLIST_FILE = YES;
				IPHONEOS_DEPLOYMENT_TARGET = 17.2;
				MARKETING_VERSION = 1.0;
				PRODUCT_BUNDLE_IDENTIFIER = com.wardrobe.wardrobeTests;
				PRODUCT_NAME = "$(TARGET_NAME)";
				SWIFT_EMIT_LOC_STRINGS = NO;
				SWIFT_VERSION = 5.0;
				TARGETED_DEVICE_FAMILY = "1,2";
				TEST_HOST = "$(BUILT_PRODUCTS_DIR)/wardrobe.app/$(BUNDLE_EXECUTABLE_FOLDER_PATH)/wardrobe";
			};
			name = Release;
		};
		FC6464AA2E744DDD003D68B3 /* Debug */ = {
			isa = XCBuildConfiguration;
			buildSettings = {
				ALWAYS_EMBED_SWIFT_STANDARD_LIBRARIES = YES;
				CODE_SIGN_STYLE = Automatic;
				CURRENT_PROJECT_VERSION = 1;
				DEVELOPMENT_TEAM = QB5WDQ296R;
				GENERATE_INFOPLIST_FILE = YES;
				MARKETING_VERSION = 1.0;
				PRODUCT_BUNDLE_IDENTIFIER = com.wardrobe.wardrobeUITests;
				PRODUCT_NAME = "$(TARGET_NAME)";
				SWIFT_EMIT_LOC_STRINGS = NO;
				SWIFT_VERSION = 5.0;
				TARGETED_DEVICE_FAMILY = "1,2";
				TEST_TARGET_NAME = wardrobe;
			};
			name = Debug;
		};
		FC6464AB2E744DDD003D68B3 /* Release */ = {
			isa = XCBuildConfiguration;
			buildSettings = {
				ALWAYS_EMBED_SWIFT_STANDARD_LIBRARIES = YES;
				CODE_SIGN_STYLE = Automatic;
				CURRENT_PROJECT_VERSION = 1;
				DEVELOPMENT_TEAM = QB5WDQ296R;
				GENERATE_INFOPLIST_FILE = YES;
				MARKETING_VERSION = 1.0;
				PRODUCT_BUNDLE_IDENTIFIER = com.wardrobe.wardrobeUITests;
				PRODUCT_NAME = "$(TARGET_NAME)";
				SWIFT_EMIT_LOC_STRINGS = NO;
				SWIFT_VERSION = 5.0;
				TARGETED_DEVICE_FAMILY = "1,2";
				TEST_TARGET_NAME = wardrobe;
			};
			name = Release;
		};
/* End XCBuildConfiguration section */

/* Begin XCConfigurationList section */
		FC64647A2E744DDB003D68B3 /* Build configuration list for PBXProject "wardrobe" */ = {
			isa = XCConfigurationList;
			buildConfigurations = (
				FC6464A12E744DDD003D68B3 /* Debug */,
				FC6464A22E744DDD003D68B3 /* Release */,
			);
			defaultConfigurationIsVisible = 0;
			defaultConfigurationName = Release;
		};
		FC6464A32E744DDD003D68B3 /* Build configuration list for PBXNativeTarget "wardrobe" */ = {
			isa = XCConfigurationList;
			buildConfigurations = (
				FC6464A42E744DDD003D68B3 /* Debug */,
				FC6464A52E744DDD003D68B3 /* Release */,
			);
			defaultConfigurationIsVisible = 0;
			defaultConfigurationName = Release;
		};
		FC6464A62E744DDD003D68B3 /* Build configuration list for PBXNativeTarget "wardrobeTests" */ = {
			isa = XCConfigurationList;
			buildConfigurations = (
				FC6464A72E744DDD003D68B3 /* Debug */,
				FC6464A82E744DDD003D68B3 /* Release */,
			);
			defaultConfigurationIsVisible = 0;
			defaultConfigurationName = Release;
		};
		FC6464A92E744DDD003D68B3 /* Build configuration list for PBXNativeTarget "wardrobeUITests" */ = {
			isa = XCConfigurationList;
			buildConfigurations = (
				FC6464AA2E744DDD003D68B3 /* Debug */,
				FC6464AB2E744DDD003D68B3 /* Release */,
			);
			defaultConfigurationIsVisible = 0;
			defaultConfigurationName = Release;
		};
/* End XCConfigurationList section */
	};
	rootObject = FC6464772E744DDB003D68B3 /* Project object */;
}
